// !$*UTF8*$!
{
	archiveVersion = 1;
	classes = {
	};
	objectVersion = 56;
	objects = {

/* Begin PBXBuildFile section */
		F890D2F72AEA97A600DCF8F7 /* PopularRestaurantsView.swift in Sources */ = {isa = PBXBuildFile; fileRef = F890D2F62AEA97A600DCF8F7 /* PopularRestaurantsView.swift */; };
		F890D2F92AEA980E00DCF8F7 /* TrendingCreatorsView.swift in Sources */ = {isa = PBXBuildFile; fileRef = F890D2F82AEA980E00DCF8F7 /* TrendingCreatorsView.swift */; };
		F890D2FB2AEA983D00DCF8F7 /* DiscoveryCategoriesView.swift in Sources */ = {isa = PBXBuildFile; fileRef = F890D2FA2AEA983D00DCF8F7 /* DiscoveryCategoriesView.swift */; };
		F890D2FE2AEA98DB00DCF8F7 /* Destination.swift in Sources */ = {isa = PBXBuildFile; fileRef = F890D2FD2AEA98DB00DCF8F7 /* Destination.swift */; };
		F890D3002AEA98E200DCF8F7 /* User.swift in Sources */ = {isa = PBXBuildFile; fileRef = F890D2FF2AEA98E200DCF8F7 /* User.swift */; };
		F890D3022AEA98EE00DCF8F7 /* Restaurant.swift in Sources */ = {isa = PBXBuildFile; fileRef = F890D3012AEA98EE00DCF8F7 /* Restaurant.swift */; };
		F890D3042AEA990400DCF8F7 /* Category.swift in Sources */ = {isa = PBXBuildFile; fileRef = F890D3032AEA990400DCF8F7 /* Category.swift */; };
		F890D3072AEAD3B500DCF8F7 /* TileModifier.swift in Sources */ = {isa = PBXBuildFile; fileRef = F890D3062AEAD3B500DCF8F7 /* TileModifier.swift */; };
		F8CD09992AF01BE600F4C72A /* Kingfisher in Frameworks */ = {isa = PBXBuildFile; productRef = F8CD09982AF01BE600F4C72A /* Kingfisher */; };
		F8CD099C2AF01C6A00F4C72A /* SDWebImage in Frameworks */ = {isa = PBXBuildFile; productRef = F8CD099B2AF01C6A00F4C72A /* SDWebImage */; };
		F8CD099F2AF01CA100F4C72A /* SDWebImageSwiftUI in Frameworks */ = {isa = PBXBuildFile; productRef = F8CD099E2AF01CA100F4C72A /* SDWebImageSwiftUI */; };
		F8CD09A12AF0208D00F4C72A /* CategoryDetailsView.swift in Sources */ = {isa = PBXBuildFile; fileRef = F8CD09A02AF0208D00F4C72A /* CategoryDetailsView.swift */; };
		F8CD09A42AF0210000F4C72A /* CategoryDetailsViewModel.swift in Sources */ = {isa = PBXBuildFile; fileRef = F8CD09A32AF0210000F4C72A /* CategoryDetailsViewModel.swift */; };
		F8CD09A62AF0214100F4C72A /* ActivityIndicatorView.swift in Sources */ = {isa = PBXBuildFile; fileRef = F8CD09A52AF0214100F4C72A /* ActivityIndicatorView.swift */; };
		F8CD09A82AF0216D00F4C72A /* Place.swift in Sources */ = {isa = PBXBuildFile; fileRef = F8CD09A72AF0216D00F4C72A /* Place.swift */; };
		F8CD09AA2AF03DC400F4C72A /* NavigationLazyView.swift in Sources */ = {isa = PBXBuildFile; fileRef = F8CD09A92AF03DC400F4C72A /* NavigationLazyView.swift */; };
		F8D665622AE99F5600268582 /* PopularDestinationsView.swift in Sources */ = {isa = PBXBuildFile; fileRef = F8D665612AE99F5600268582 /* PopularDestinationsView.swift */; };
		F8E32DAC2AE83E90003B2FEC /* DiscoveryApp.swift in Sources */ = {isa = PBXBuildFile; fileRef = F8E32DAB2AE83E90003B2FEC /* DiscoveryApp.swift */; };
		F8E32DAE2AE83E90003B2FEC /* DiscoveryView.swift in Sources */ = {isa = PBXBuildFile; fileRef = F8E32DAD2AE83E90003B2FEC /* DiscoveryView.swift */; };
		F8E32DB02AE83E91003B2FEC /* Assets.xcassets in Resources */ = {isa = PBXBuildFile; fileRef = F8E32DAF2AE83E91003B2FEC /* Assets.xcassets */; };
		F8E32DB32AE83E91003B2FEC /* Preview Assets.xcassets in Resources */ = {isa = PBXBuildFile; fileRef = F8E32DB22AE83E91003B2FEC /* Preview Assets.xcassets */; };
/* End PBXBuildFile section */

/* Begin PBXFileReference section */
		F890D2F62AEA97A600DCF8F7 /* PopularRestaurantsView.swift */ = {isa = PBXFileReference; lastKnownFileType = sourcecode.swift; path = PopularRestaurantsView.swift; sourceTree = "<group>"; };
		F890D2F82AEA980E00DCF8F7 /* TrendingCreatorsView.swift */ = {isa = PBXFileReference; lastKnownFileType = sourcecode.swift; path = TrendingCreatorsView.swift; sourceTree = "<group>"; };
		F890D2FA2AEA983D00DCF8F7 /* DiscoveryCategoriesView.swift */ = {isa = PBXFileReference; lastKnownFileType = sourcecode.swift; path = DiscoveryCategoriesView.swift; sourceTree = "<group>"; };
		F890D2FD2AEA98DB00DCF8F7 /* Destination.swift */ = {isa = PBXFileReference; lastKnownFileType = sourcecode.swift; path = Destination.swift; sourceTree = "<group>"; };
		F890D2FF2AEA98E200DCF8F7 /* User.swift */ = {isa = PBXFileReference; lastKnownFileType = sourcecode.swift; path = User.swift; sourceTree = "<group>"; };
		F890D3012AEA98EE00DCF8F7 /* Restaurant.swift */ = {isa = PBXFileReference; lastKnownFileType = sourcecode.swift; path = Restaurant.swift; sourceTree = "<group>"; };
		F890D3032AEA990400DCF8F7 /* Category.swift */ = {isa = PBXFileReference; lastKnownFileType = sourcecode.swift; path = Category.swift; sourceTree = "<group>"; };
		F890D3062AEAD3B500DCF8F7 /* TileModifier.swift */ = {isa = PBXFileReference; lastKnownFileType = sourcecode.swift; path = TileModifier.swift; sourceTree = "<group>"; };
		F8CD09A02AF0208D00F4C72A /* CategoryDetailsView.swift */ = {isa = PBXFileReference; lastKnownFileType = sourcecode.swift; path = CategoryDetailsView.swift; sourceTree = "<group>"; };
		F8CD09A32AF0210000F4C72A /* CategoryDetailsViewModel.swift */ = {isa = PBXFileReference; lastKnownFileType = sourcecode.swift; path = CategoryDetailsViewModel.swift; sourceTree = "<group>"; };
		F8CD09A52AF0214100F4C72A /* ActivityIndicatorView.swift */ = {isa = PBXFileReference; lastKnownFileType = sourcecode.swift; path = ActivityIndicatorView.swift; sourceTree = "<group>"; };
		F8CD09A72AF0216D00F4C72A /* Place.swift */ = {isa = PBXFileReference; lastKnownFileType = sourcecode.swift; path = Place.swift; sourceTree = "<group>"; };
		F8CD09A92AF03DC400F4C72A /* NavigationLazyView.swift */ = {isa = PBXFileReference; lastKnownFileType = sourcecode.swift; path = NavigationLazyView.swift; sourceTree = "<group>"; };
		F8D665612AE99F5600268582 /* PopularDestinationsView.swift */ = {isa = PBXFileReference; lastKnownFileType = sourcecode.swift; path = PopularDestinationsView.swift; sourceTree = "<group>"; };
		F8E32DA82AE83E90003B2FEC /* Discovery.app */ = {isa = PBXFileReference; explicitFileType = wrapper.application; includeInIndex = 0; path = Discovery.app; sourceTree = BUILT_PRODUCTS_DIR; };
		F8E32DAB2AE83E90003B2FEC /* DiscoveryApp.swift */ = {isa = PBXFileReference; lastKnownFileType = sourcecode.swift; path = DiscoveryApp.swift; sourceTree = "<group>"; };
		F8E32DAD2AE83E90003B2FEC /* DiscoveryView.swift */ = {isa = PBXFileReference; lastKnownFileType = sourcecode.swift; path = DiscoveryView.swift; sourceTree = "<group>"; };
		F8E32DAF2AE83E91003B2FEC /* Assets.xcassets */ = {isa = PBXFileReference; lastKnownFileType = folder.assetcatalog; path = Assets.xcassets; sourceTree = "<group>"; };
		F8E32DB22AE83E91003B2FEC /* Preview Assets.xcassets */ = {isa = PBXFileReference; lastKnownFileType = folder.assetcatalog; path = "Preview Assets.xcassets"; sourceTree = "<group>"; };
/* End PBXFileReference section */

/* Begin PBXFrameworksBuildPhase section */
		F8E32DA52AE83E90003B2FEC /* Frameworks */ = {
			isa = PBXFrameworksBuildPhase;
			buildActionMask = 2147483647;
			files = (
				F8CD099F2AF01CA100F4C72A /* SDWebImageSwiftUI in Frameworks */,
				F8CD099C2AF01C6A00F4C72A /* SDWebImage in Frameworks */,
				F8CD09992AF01BE600F4C72A /* Kingfisher in Frameworks */,
			);
			runOnlyForDeploymentPostprocessing = 0;
		};
/* End PBXFrameworksBuildPhase section */

/* Begin PBXGroup section */
		F890D2FC2AEA98C600DCF8F7 /* Model */ = {
			isa = PBXGroup;
			children = (
				F890D2FD2AEA98DB00DCF8F7 /* Destination.swift */,
				F890D2FF2AEA98E200DCF8F7 /* User.swift */,
				F890D3012AEA98EE00DCF8F7 /* Restaurant.swift */,
				F890D3032AEA990400DCF8F7 /* Category.swift */,
				F8CD09A72AF0216D00F4C72A /* Place.swift */,
			);
			path = Model;
			sourceTree = "<group>";
		};
		F890D3052AEAD39F00DCF8F7 /* Utils */ = {
			isa = PBXGroup;
			children = (
				F890D3062AEAD3B500DCF8F7 /* TileModifier.swift */,
				F8CD09A52AF0214100F4C72A /* ActivityIndicatorView.swift */,
				F8CD09A92AF03DC400F4C72A /* NavigationLazyView.swift */,
			);
			path = Utils;
			sourceTree = "<group>";
		};
		F8CD09A22AF020D900F4C72A /* Category */ = {
			isa = PBXGroup;
			children = (
				F8CD09A02AF0208D00F4C72A /* CategoryDetailsView.swift */,
				F8CD09A32AF0210000F4C72A /* CategoryDetailsViewModel.swift */,
			);
			path = Category;
			sourceTree = "<group>";
		};
		F8D665602AE99E6400268582 /* Discover */ = {
			isa = PBXGroup;
			children = (
				F8CD09A22AF020D900F4C72A /* Category */,
				F8E32DAD2AE83E90003B2FEC /* DiscoveryView.swift */,
				F8D665612AE99F5600268582 /* PopularDestinationsView.swift */,
				F890D2F62AEA97A600DCF8F7 /* PopularRestaurantsView.swift */,
				F890D2F82AEA980E00DCF8F7 /* TrendingCreatorsView.swift */,
				F890D2FA2AEA983D00DCF8F7 /* DiscoveryCategoriesView.swift */,
			);
			path = Discover;
			sourceTree = "<group>";
		};
		F8E32D9F2AE83E90003B2FEC = {
			isa = PBXGroup;
			children = (
				F8E32DAA2AE83E90003B2FEC /* Discovery */,
				F8E32DA92AE83E90003B2FEC /* Products */,
			);
			sourceTree = "<group>";
		};
		F8E32DA92AE83E90003B2FEC /* Products */ = {
			isa = PBXGroup;
			children = (
				F8E32DA82AE83E90003B2FEC /* Discovery.app */,
			);
			name = Products;
			sourceTree = "<group>";
		};
		F8E32DAA2AE83E90003B2FEC /* Discovery */ = {
			isa = PBXGroup;
			children = (
				F890D3052AEAD39F00DCF8F7 /* Utils */,
				F890D2FC2AEA98C600DCF8F7 /* Model */,
				F8D665602AE99E6400268582 /* Discover */,
				F8E32DAB2AE83E90003B2FEC /* DiscoveryApp.swift */,
				F8E32DAF2AE83E91003B2FEC /* Assets.xcassets */,
				F8E32DB12AE83E91003B2FEC /* Preview Content */,
			);
			path = Discovery;
			sourceTree = "<group>";
		};
		F8E32DB12AE83E91003B2FEC /* Preview Content */ = {
			isa = PBXGroup;
			children = (
				F8E32DB22AE83E91003B2FEC /* Preview Assets.xcassets */,
			);
			path = "Preview Content";
			sourceTree = "<group>";
		};
/* End PBXGroup section */

/* Begin PBXNativeTarget section */
		F8E32DA72AE83E90003B2FEC /* Discovery */ = {
			isa = PBXNativeTarget;
			buildConfigurationList = F8E32DB62AE83E91003B2FEC /* Build configuration list for PBXNativeTarget "Discovery" */;
			buildPhases = (
				F8E32DA42AE83E90003B2FEC /* Sources */,
				F8E32DA52AE83E90003B2FEC /* Frameworks */,
				F8E32DA62AE83E90003B2FEC /* Resources */,
			);
			buildRules = (
			);
			dependencies = (
			);
			name = Discovery;
			packageProductDependencies = (
				F8CD09982AF01BE600F4C72A /* Kingfisher */,
				F8CD099B2AF01C6A00F4C72A /* SDWebImage */,
				F8CD099E2AF01CA100F4C72A /* SDWebImageSwiftUI */,
			);
			productName = Discovery;
			productReference = F8E32DA82AE83E90003B2FEC /* Discovery.app */;
			productType = "com.apple.product-type.application";
		};
/* End PBXNativeTarget section */

/* Begin PBXProject section */
		F8E32DA02AE83E90003B2FEC /* Project object */ = {
			isa = PBXProject;
			attributes = {
				BuildIndependentTargetsInParallel = 1;
				LastSwiftUpdateCheck = 1420;
				LastUpgradeCheck = 1420;
				TargetAttributes = {
					F8E32DA72AE83E90003B2FEC = {
						CreatedOnToolsVersion = 14.2;
					};
				};
			};
			buildConfigurationList = F8E32DA32AE83E90003B2FEC /* Build configuration list for PBXProject "Discovery" */;
			compatibilityVersion = "Xcode 14.0";
			developmentRegion = en;
			hasScannedForEncodings = 0;
			knownRegions = (
				en,
				Base,
			);
			mainGroup = F8E32D9F2AE83E90003B2FEC;
			packageReferences = (
				F8CD09972AF01BE600F4C72A /* XCRemoteSwiftPackageReference "Kingfisher" */,
				F8CD099A2AF01C6A00F4C72A /* XCRemoteSwiftPackageReference "SDWebImage" */,
				F8CD099D2AF01CA100F4C72A /* XCRemoteSwiftPackageReference "SDWebImageSwiftUI" */,
			);
			productRefGroup = F8E32DA92AE83E90003B2FEC /* Products */;
			projectDirPath = "";
			projectRoot = "";
			targets = (
				F8E32DA72AE83E90003B2FEC /* Discovery */,
			);
		};
/* End PBXProject section */

/* Begin PBXResourcesBuildPhase section */
		F8E32DA62AE83E90003B2FEC /* Resources */ = {
			isa = PBXResourcesBuildPhase;
			buildActionMask = 2147483647;
			files = (
				F8E32DB32AE83E91003B2FEC /* Preview Assets.xcassets in Resources */,
				F8E32DB02AE83E91003B2FEC /* Assets.xcassets in Resources */,
			);
			runOnlyForDeploymentPostprocessing = 0;
		};
/* End PBXResourcesBuildPhase section */

/* Begin PBXSourcesBuildPhase section */
		F8E32DA42AE83E90003B2FEC /* Sources */ = {
			isa = PBXSourcesBuildPhase;
			buildActionMask = 2147483647;
			files = (
				F890D2F92AEA980E00DCF8F7 /* TrendingCreatorsView.swift in Sources */,
				F890D3072AEAD3B500DCF8F7 /* TileModifier.swift in Sources */,
				F890D3042AEA990400DCF8F7 /* Category.swift in Sources */,
				F890D2FB2AEA983D00DCF8F7 /* DiscoveryCategoriesView.swift in Sources */,
				F8D665622AE99F5600268582 /* PopularDestinationsView.swift in Sources */,
				F890D2F72AEA97A600DCF8F7 /* PopularRestaurantsView.swift in Sources */,
				F890D3002AEA98E200DCF8F7 /* User.swift in Sources */,
				F8E32DAE2AE83E90003B2FEC /* DiscoveryView.swift in Sources */,
				F8E32DAC2AE83E90003B2FEC /* DiscoveryApp.swift in Sources */,
				F8CD09A82AF0216D00F4C72A /* Place.swift in Sources */,
				F890D2FE2AEA98DB00DCF8F7 /* Destination.swift in Sources */,
				F8CD09A42AF0210000F4C72A /* CategoryDetailsViewModel.swift in Sources */,
				F890D3022AEA98EE00DCF8F7 /* Restaurant.swift in Sources */,
				F8CD09A12AF0208D00F4C72A /* CategoryDetailsView.swift in Sources */,
				F8CD09AA2AF03DC400F4C72A /* NavigationLazyView.swift in Sources */,
				F8CD09A62AF0214100F4C72A /* ActivityIndicatorView.swift in Sources */,
			);
			runOnlyForDeploymentPostprocessing = 0;
		};
/* End PBXSourcesBuildPhase section */

/* Begin XCBuildConfiguration section */
		F8E32DB42AE83E91003B2FEC /* Debug */ = {
			isa = XCBuildConfiguration;
			buildSettings = {
				ALWAYS_SEARCH_USER_PATHS = NO;
				CLANG_ANALYZER_NONNULL = YES;
				CLANG_ANALYZER_NUMBER_OBJECT_CONVERSION = YES_AGGRESSIVE;
				CLANG_CXX_LANGUAGE_STANDARD = "gnu++20";
				CLANG_ENABLE_MODULES = YES;
				CLANG_ENABLE_OBJC_ARC = YES;
				CLANG_ENABLE_OBJC_WEAK = YES;
				CLANG_WARN_BLOCK_CAPTURE_AUTORELEASING = YES;
				CLANG_WARN_BOOL_CONVERSION = YES;
				CLANG_WARN_COMMA = YES;
				CLANG_WARN_CONSTANT_CONVERSION = YES;
				CLANG_WARN_DEPRECATED_OBJC_IMPLEMENTATIONS = YES;
				CLANG_WARN_DIRECT_OBJC_ISA_USAGE = YES_ERROR;
				CLANG_WARN_DOCUMENTATION_COMMENTS = YES;
				CLANG_WARN_EMPTY_BODY = YES;
				CLANG_WARN_ENUM_CONVERSION = YES;
				CLANG_WARN_INFINITE_RECURSION = YES;
				CLANG_WARN_INT_CONVERSION = YES;
				CLANG_WARN_NON_LITERAL_NULL_CONVERSION = YES;
				CLANG_WARN_OBJC_IMPLICIT_RETAIN_SELF = YES;
				CLANG_WARN_OBJC_LITERAL_CONVERSION = YES;
				CLANG_WARN_OBJC_ROOT_CLASS = YES_ERROR;
				CLANG_WARN_QUOTED_INCLUDE_IN_FRAMEWORK_HEADER = YES;
				CLANG_WARN_RANGE_LOOP_ANALYSIS = YES;
				CLANG_WARN_STRICT_PROTOTYPES = YES;
				CLANG_WARN_SUSPICIOUS_MOVE = YES;
				CLANG_WARN_UNGUARDED_AVAILABILITY = YES_AGGRESSIVE;
				CLANG_WARN_UNREACHABLE_CODE = YES;
				CLANG_WARN__DUPLICATE_METHOD_MATCH = YES;
				COPY_PHASE_STRIP = NO;
				DEBUG_INFORMATION_FORMAT = dwarf;
				ENABLE_STRICT_OBJC_MSGSEND = YES;
				ENABLE_TESTABILITY = YES;
				GCC_C_LANGUAGE_STANDARD = gnu11;
				GCC_DYNAMIC_NO_PIC = NO;
				GCC_NO_COMMON_BLOCKS = YES;
				GCC_OPTIMIZATION_LEVEL = 0;
				GCC_PREPROCESSOR_DEFINITIONS = (
					"DEBUG=1",
					"$(inherited)",
				);
				GCC_WARN_64_TO_32_BIT_CONVERSION = YES;
				GCC_WARN_ABOUT_RETURN_TYPE = YES_ERROR;
				GCC_WARN_UNDECLARED_SELECTOR = YES;
				GCC_WARN_UNINITIALIZED_AUTOS = YES_AGGRESSIVE;
				GCC_WARN_UNUSED_FUNCTION = YES;
				GCC_WARN_UNUSED_VARIABLE = YES;
				IPHONEOS_DEPLOYMENT_TARGET = 16.2;
				MTL_ENABLE_DEBUG_INFO = INCLUDE_SOURCE;
				MTL_FAST_MATH = YES;
				ONLY_ACTIVE_ARCH = YES;
				SDKROOT = iphoneos;
				SWIFT_ACTIVE_COMPILATION_CONDITIONS = DEBUG;
				SWIFT_OPTIMIZATION_LEVEL = "-Onone";
			};
			name = Debug;
		};
		F8E32DB52AE83E91003B2FEC /* Release */ = {
			isa = XCBuildConfiguration;
			buildSettings = {
				ALWAYS_SEARCH_USER_PATHS = NO;
				CLANG_ANALYZER_NONNULL = YES;
				CLANG_ANALYZER_NUMBER_OBJECT_CONVERSION = YES_AGGRESSIVE;
				CLANG_CXX_LANGUAGE_STANDARD = "gnu++20";
				CLANG_ENABLE_MODULES = YES;
				CLANG_ENABLE_OBJC_ARC = YES;
				CLANG_ENABLE_OBJC_WEAK = YES;
				CLANG_WARN_BLOCK_CAPTURE_AUTORELEASING = YES;
				CLANG_WARN_BOOL_CONVERSION = YES;
				CLANG_WARN_COMMA = YES;
				CLANG_WARN_CONSTANT_CONVERSION = YES;
				CLANG_WARN_DEPRECATED_OBJC_IMPLEMENTATIONS = YES;
				CLANG_WARN_DIRECT_OBJC_ISA_USAGE = YES_ERROR;
				CLANG_WARN_DOCUMENTATION_COMMENTS = YES;
				CLANG_WARN_EMPTY_BODY = YES;
				CLANG_WARN_ENUM_CONVERSION = YES;
				CLANG_WARN_INFINITE_RECURSION = YES;
				CLANG_WARN_INT_CONVERSION = YES;
				CLANG_WARN_NON_LITERAL_NULL_CONVERSION = YES;
				CLANG_WARN_OBJC_IMPLICIT_RETAIN_SELF = YES;
				CLANG_WARN_OBJC_LITERAL_CONVERSION = YES;
				CLANG_WARN_OBJC_ROOT_CLASS = YES_ERROR;
				CLANG_WARN_QUOTED_INCLUDE_IN_FRAMEWORK_HEADER = YES;
				CLANG_WARN_RANGE_LOOP_ANALYSIS = YES;
				CLANG_WARN_STRICT_PROTOTYPES = YES;
				CLANG_WARN_SUSPICIOUS_MOVE = YES;
				CLANG_WARN_UNGUARDED_AVAILABILITY = YES_AGGRESSIVE;
				CLANG_WARN_UNREACHABLE_CODE = YES;
				CLANG_WARN__DUPLICATE_METHOD_MATCH = YES;
				COPY_PHASE_STRIP = NO;
				DEBUG_INFORMATION_FORMAT = "dwarf-with-dsym";
				ENABLE_NS_ASSERTIONS = NO;
				ENABLE_STRICT_OBJC_MSGSEND = YES;
				GCC_C_LANGUAGE_STANDARD = gnu11;
				GCC_NO_COMMON_BLOCKS = YES;
				GCC_WARN_64_TO_32_BIT_CONVERSION = YES;
				GCC_WARN_ABOUT_RETURN_TYPE = YES_ERROR;
				GCC_WARN_UNDECLARED_SELECTOR = YES;
				GCC_WARN_UNINITIALIZED_AUTOS = YES_AGGRESSIVE;
				GCC_WARN_UNUSED_FUNCTION = YES;
				GCC_WARN_UNUSED_VARIABLE = YES;
				IPHONEOS_DEPLOYMENT_TARGET = 16.2;
				MTL_ENABLE_DEBUG_INFO = NO;
				MTL_FAST_MATH = YES;
				SDKROOT = iphoneos;
				SWIFT_COMPILATION_MODE = wholemodule;
				SWIFT_OPTIMIZATION_LEVEL = "-O";
				VALIDATE_PRODUCT = YES;
			};
			name = Release;
		};
		F8E32DB72AE83E91003B2FEC /* Debug */ = {
			isa = XCBuildConfiguration;
			buildSettings = {
				ASSETCATALOG_COMPILER_APPICON_NAME = AppIcon;
				ASSETCATALOG_COMPILER_GLOBAL_ACCENT_COLOR_NAME = AccentColor;
				CODE_SIGN_STYLE = Automatic;
				CURRENT_PROJECT_VERSION = 1;
				DEVELOPMENT_ASSET_PATHS = "\"Discovery/Preview Content\"";
				ENABLE_PREVIEWS = YES;
				GENERATE_INFOPLIST_FILE = YES;
				INFOPLIST_KEY_UIApplicationSceneManifest_Generation = YES;
				INFOPLIST_KEY_UIApplicationSupportsIndirectInputEvents = YES;
				INFOPLIST_KEY_UILaunchScreen_Generation = YES;
				INFOPLIST_KEY_UISupportedInterfaceOrientations = UIInterfaceOrientationPortrait;
				IPHONEOS_DEPLOYMENT_TARGET = 14.0;
				LD_RUNPATH_SEARCH_PATHS = (
					"$(inherited)",
					"@executable_path/Frameworks",
				);
				MARKETING_VERSION = 1.0;
				PRODUCT_BUNDLE_IDENTIFIER = br.com.nikolas.Discovery;
				PRODUCT_NAME = "$(TARGET_NAME)";
				SWIFT_EMIT_LOC_STRINGS = YES;
				SWIFT_VERSION = 5.0;
				TARGETED_DEVICE_FAMILY = "1,2";
			};
			name = Debug;
		};
		F8E32DB82AE83E91003B2FEC /* Release */ = {
			isa = XCBuildConfiguration;
			buildSettings = {
				ASSETCATALOG_COMPILER_APPICON_NAME = AppIcon;
				ASSETCATALOG_COMPILER_GLOBAL_ACCENT_COLOR_NAME = AccentColor;
				CODE_SIGN_STYLE = Automatic;
				CURRENT_PROJECT_VERSION = 1;
				DEVELOPMENT_ASSET_PATHS = "\"Discovery/Preview Content\"";
				ENABLE_PREVIEWS = YES;
				GENERATE_INFOPLIST_FILE = YES;
				INFOPLIST_KEY_UIApplicationSceneManifest_Generation = YES;
				INFOPLIST_KEY_UIApplicationSupportsIndirectInputEvents = YES;
				INFOPLIST_KEY_UILaunchScreen_Generation = YES;
				INFOPLIST_KEY_UISupportedInterfaceOrientations = UIInterfaceOrientationPortrait;
				IPHONEOS_DEPLOYMENT_TARGET = 14.0;
				LD_RUNPATH_SEARCH_PATHS = (
					"$(inherited)",
					"@executable_path/Frameworks",
				);
				MARKETING_VERSION = 1.0;
				PRODUCT_BUNDLE_IDENTIFIER = br.com.nikolas.Discovery;
				PRODUCT_NAME = "$(TARGET_NAME)";
				SWIFT_EMIT_LOC_STRINGS = YES;
				SWIFT_VERSION = 5.0;
				TARGETED_DEVICE_FAMILY = "1,2";
			};
			name = Release;
		};
/* End XCBuildConfiguration section */

/* Begin XCConfigurationList section */
		F8E32DA32AE83E90003B2FEC /* Build configuration list for PBXProject "Discovery" */ = {
			isa = XCConfigurationList;
			buildConfigurations = (
				F8E32DB42AE83E91003B2FEC /* Debug */,
				F8E32DB52AE83E91003B2FEC /* Release */,
			);
			defaultConfigurationIsVisible = 0;
			defaultConfigurationName = Release;
		};
		F8E32DB62AE83E91003B2FEC /* Build configuration list for PBXNativeTarget "Discovery" */ = {
			isa = XCConfigurationList;
			buildConfigurations = (
				F8E32DB72AE83E91003B2FEC /* Debug */,
				F8E32DB82AE83E91003B2FEC /* Release */,
			);
			defaultConfigurationIsVisible = 0;
			defaultConfigurationName = Release;
		};
/* End XCConfigurationList section */

/* Begin XCRemoteSwiftPackageReference section */
		F8CD09972AF01BE600F4C72A /* XCRemoteSwiftPackageReference "Kingfisher" */ = {
			isa = XCRemoteSwiftPackageReference;
			repositoryURL = "https://github.com/onevcat/Kingfisher";
			requirement = {
				kind = upToNextMajorVersion;
				minimumVersion = 7.0.0;
			};
		};
		F8CD099A2AF01C6A00F4C72A /* XCRemoteSwiftPackageReference "SDWebImage" */ = {
			isa = XCRemoteSwiftPackageReference;
			repositoryURL = "https://github.com/SDWebImage/SDWebImage";
			requirement = {
				kind = upToNextMajorVersion;
				minimumVersion = 5.0.0;
			};
		};
		F8CD099D2AF01CA100F4C72A /* XCRemoteSwiftPackageReference "SDWebImageSwiftUI" */ = {
			isa = XCRemoteSwiftPackageReference;
			repositoryURL = "https://github.com/SDWebImage/SDWebImageSwiftUI";
			requirement = {
				kind = upToNextMajorVersion;
				minimumVersion = 2.0.0;
			};
		};
/* End XCRemoteSwiftPackageReference section */

/* Begin XCSwiftPackageProductDependency section */
		F8CD09982AF01BE600F4C72A /* Kingfisher */ = {
			isa = XCSwiftPackageProductDependency;
			package = F8CD09972AF01BE600F4C72A /* XCRemoteSwiftPackageReference "Kingfisher" */;
			productName = Kingfisher;
		};
		F8CD099B2AF01C6A00F4C72A /* SDWebImage */ = {
			isa = XCSwiftPackageProductDependency;
			package = F8CD099A2AF01C6A00F4C72A /* XCRemoteSwiftPackageReference "SDWebImage" */;
			productName = SDWebImage;
		};
		F8CD099E2AF01CA100F4C72A /* SDWebImageSwiftUI */ = {
			isa = XCSwiftPackageProductDependency;
			package = F8CD099D2AF01CA100F4C72A /* XCRemoteSwiftPackageReference "SDWebImageSwiftUI" */;
			productName = SDWebImageSwiftUI;
		};
/* End XCSwiftPackageProductDependency section */
	};
	rootObject = F8E32DA02AE83E90003B2FEC /* Project object */;
}
